// !$*UTF8*$!
{
	archiveVersion = 1;
	classes = {
	};
	objectVersion = 50;
	objects = {

/* Begin PBXBuildFile section */
		04FC83BA2326B42900660B90 /* AppDelegate.swift in Sources */ = {isa = PBXBuildFile; fileRef = 04FC83B92326B42900660B90 /* AppDelegate.swift */; };
		04FC83BF2326B42900660B90 /* Main.storyboard in Resources */ = {isa = PBXBuildFile; fileRef = 04FC83BD2326B42900660B90 /* Main.storyboard */; };
		04FC83C12326B42E00660B90 /* Assets.xcassets in Resources */ = {isa = PBXBuildFile; fileRef = 04FC83C02326B42E00660B90 /* Assets.xcassets */; };
		04FC83C42326B42E00660B90 /* LaunchScreen.storyboard in Resources */ = {isa = PBXBuildFile; fileRef = 04FC83C22326B42E00660B90 /* LaunchScreen.storyboard */; };
		04FC83CC2326B45000660B90 /* Registration.swift in Sources */ = {isa = PBXBuildFile; fileRef = 04FC83CB2326B45000660B90 /* Registration.swift */; };
		04FC83CE2326B6D600660B90 /* AddRegistrationTableViewController.swift in Sources */ = {isa = PBXBuildFile; fileRef = 04FC83CD2326B6D600660B90 /* AddRegistrationTableViewController.swift */; };
		04FC83D02328096B00660B90 /* SelectRoomTypeTableViewController.swift in Sources */ = {isa = PBXBuildFile; fileRef = 04FC83CF2328096B00660B90 /* SelectRoomTypeTableViewController.swift */; };
		04FC83D22328264B00660B90 /* RegistrationTableViewController.swift in Sources */ = {isa = PBXBuildFile; fileRef = 04FC83D12328264B00660B90 /* RegistrationTableViewController.swift */; };
/* End PBXBuildFile section */

/* Begin PBXFileReference section */
		04FC83B62326B42900660B90 /* HotelCornerstone.app */ = {isa = PBXFileReference; explicitFileType = wrapper.application; includeInIndex = 0; path = HotelCornerstone.app; sourceTree = BUILT_PRODUCTS_DIR; };
		04FC83B92326B42900660B90 /* AppDelegate.swift */ = {isa = PBXFileReference; lastKnownFileType = sourcecode.swift; path = AppDelegate.swift; sourceTree = "<group>"; };
		04FC83BE2326B42900660B90 /* Base */ = {isa = PBXFileReference; lastKnownFileType = file.storyboard; name = Base; path = Base.lproj/Main.storyboard; sourceTree = "<group>"; };
		04FC83C02326B42E00660B90 /* Assets.xcassets */ = {isa = PBXFileReference; lastKnownFileType = folder.assetcatalog; path = Assets.xcassets; sourceTree = "<group>"; };
		04FC83C32326B42E00660B90 /* Base */ = {isa = PBXFileReference; lastKnownFileType = file.storyboard; name = Base; path = Base.lproj/LaunchScreen.storyboard; sourceTree = "<group>"; };
		04FC83C52326B42E00660B90 /* Info.plist */ = {isa = PBXFileReference; lastKnownFileType = text.plist.xml; path = Info.plist; sourceTree = "<group>"; };
		04FC83CB2326B45000660B90 /* Registration.swift */ = {isa = PBXFileReference; lastKnownFileType = sourcecode.swift; path = Registration.swift; sourceTree = "<group>"; };
		04FC83CD2326B6D600660B90 /* AddRegistrationTableViewController.swift */ = {isa = PBXFileReference; lastKnownFileType = sourcecode.swift; path = AddRegistrationTableViewController.swift; sourceTree = "<group>"; };
		04FC83CF2328096B00660B90 /* SelectRoomTypeTableViewController.swift */ = {isa = PBXFileReference; lastKnownFileType = sourcecode.swift; path = SelectRoomTypeTableViewController.swift; sourceTree = "<group>"; };
		04FC83D12328264B00660B90 /* RegistrationTableViewController.swift */ = {isa = PBXFileReference; lastKnownFileType = sourcecode.swift; path = RegistrationTableViewController.swift; sourceTree = "<group>"; };
/* End PBXFileReference section */

/* Begin PBXFrameworksBuildPhase section */
		04FC83B32326B42900660B90 /* Frameworks */ = {
			isa = PBXFrameworksBuildPhase;
			buildActionMask = 2147483647;
			files = (
			);
			runOnlyForDeploymentPostprocessing = 0;
		};
/* End PBXFrameworksBuildPhase section */

/* Begin PBXGroup section */
		04FC83AD2326B42800660B90 = {
			isa = PBXGroup;
			children = (
				04FC83B82326B42900660B90 /* HotelCornerstone */,
				04FC83B72326B42900660B90 /* Products */,
			);
			sourceTree = "<group>";
		};
		04FC83B72326B42900660B90 /* Products */ = {
			isa = PBXGroup;
			children = (
				04FC83B62326B42900660B90 /* HotelCornerstone.app */,
			);
			name = Products;
			sourceTree = "<group>";
		};
		04FC83B82326B42900660B90 /* HotelCornerstone */ = {
			isa = PBXGroup;
			children = (
				04FC83B92326B42900660B90 /* AppDelegate.swift */,
				04FC83BD2326B42900660B90 /* Main.storyboard */,
				04FC83C02326B42E00660B90 /* Assets.xcassets */,
				04FC83C22326B42E00660B90 /* LaunchScreen.storyboard */,
				04FC83C52326B42E00660B90 /* Info.plist */,
				04FC83CB2326B45000660B90 /* Registration.swift */,
				04FC83CD2326B6D600660B90 /* AddRegistrationTableViewController.swift */,
				04FC83CF2328096B00660B90 /* SelectRoomTypeTableViewController.swift */,
				04FC83D12328264B00660B90 /* RegistrationTableViewController.swift */,
			);
			path = HotelCornerstone;
			sourceTree = "<group>";
		};
/* End PBXGroup section */

/* Begin PBXNativeTarget section */
		04FC83B52326B42900660B90 /* HotelCornerstone */ = {
			isa = PBXNativeTarget;
			buildConfigurationList = 04FC83C82326B42E00660B90 /* Build configuration list for PBXNativeTarget "HotelCornerstone" */;
			buildPhases = (
				04FC83B22326B42900660B90 /* Sources */,
				04FC83B32326B42900660B90 /* Frameworks */,
				04FC83B42326B42900660B90 /* Resources */,
			);
			buildRules = (
			);
			dependencies = (
			);
			name = HotelCornerstone;
			productName = HotelCornerstone;
			productReference = 04FC83B62326B42900660B90 /* HotelCornerstone.app */;
			productType = "com.apple.product-type.application";
		};
/* End PBXNativeTarget section */

/* Begin PBXProject section */
		04FC83AE2326B42800660B90 /* Project object */ = {
			isa = PBXProject;
			attributes = {
				LastSwiftUpdateCheck = 1030;
				LastUpgradeCheck = 1030;
				ORGANIZATIONNAME = "Yamashtia Keisuke";
				TargetAttributes = {
					04FC83B52326B42900660B90 = {
						CreatedOnToolsVersion = 10.3;
					};
				};
			};
			buildConfigurationList = 04FC83B12326B42800660B90 /* Build configuration list for PBXProject "HotelCornerstone" */;
			compatibilityVersion = "Xcode 9.3";
			developmentRegion = en;
			hasScannedForEncodings = 0;
			knownRegions = (
				en,
				Base,
			);
			mainGroup = 04FC83AD2326B42800660B90;
			productRefGroup = 04FC83B72326B42900660B90 /* Products */;
			projectDirPath = "";
			projectRoot = "";
			targets = (
				04FC83B52326B42900660B90 /* HotelCornerstone */,
			);
		};
/* End PBXProject section */

/* Begin PBXResourcesBuildPhase section */
		04FC83B42326B42900660B90 /* Resources */ = {
			isa = PBXResourcesBuildPhase;
			buildActionMask = 2147483647;
			files = (
				04FC83C42326B42E00660B90 /* LaunchScreen.storyboard in Resources */,
				04FC83C12326B42E00660B90 /* Assets.xcassets in Resources */,
				04FC83BF2326B42900660B90 /* Main.storyboard in Resources */,
			);
			runOnlyForDeploymentPostprocessing = 0;
		};
/* End PBXResourcesBuildPhase section */

/* Begin PBXSourcesBuildPhase section */
		04FC83B22326B42900660B90 /* Sources */ = {
			isa = PBXSourcesBuildPhase;
			buildActionMask = 2147483647;
			files = (
				04FC83D02328096B00660B90 /* SelectRoomTypeTableViewController.swift in Sources */,
				04FC83CC2326B45000660B90 /* Registration.swift in Sources */,
				04FC83CE2326B6D600660B90 /* AddRegistrationTableViewController.swift in Sources */,
				04FC83D22328264B00660B90 /* RegistrationTableViewController.swift in Sources */,
				04FC83BA2326B42900660B90 /* AppDelegate.swift in Sources */,
			);
			runOnlyForDeploymentPostprocessing = 0;
		};
/* End PBXSourcesBuildPhase section */

/* Begin PBXVariantGroup section */
		04FC83BD2326B42900660B90 /* Main.storyboard */ = {
			isa = PBXVariantGroup;
			children = (
				04FC83BE2326B42900660B90 /* Base */,
			);
			name = Main.storyboard;
			sourceTree = "<group>";
		};
		04FC83C22326B42E00660B90 /* LaunchScreen.storyboard */ = {
			isa = PBXVariantGroup;
			children = (
				04FC83C32326B42E00660B90 /* Base */,
			);
			name = LaunchScreen.storyboard;
			sourceTree = "<group>";
		};
/* End PBXVariantGroup section */

/* Begin XCBuildConfiguration section */
		04FC83C62326B42E00660B90 /* Debug */ = {
			isa = XCBuildConfiguration;
			buildSettings = {
				ALWAYS_SEARCH_USER_PATHS = NO;
				CLANG_ANALYZER_NONNULL = YES;
				CLANG_ANALYZER_NUMBER_OBJECT_CONVERSION = YES_AGGRESSIVE;
				CLANG_CXX_LANGUAGE_STANDARD = "gnu++14";
				CLANG_CXX_LIBRARY = "libc++";
				CLANG_ENABLE_MODULES = YES;
				CLANG_ENABLE_OBJC_ARC = YES;
				CLANG_ENABLE_OBJC_WEAK = YES;
				CLANG_WARN_BLOCK_CAPTURE_AUTORELEASING = YES;
				CLANG_WARN_BOOL_CONVERSION = YES;
				CLANG_WARN_COMMA = YES;
				CLANG_WARN_CONSTANT_CONVERSION = YES;
				CLANG_WARN_DEPRECATED_OBJC_IMPLEMENTATIONS = YES;
				CLANG_WARN_DIRECT_OBJC_ISA_USAGE = YES_ERROR;
				CLANG_WARN_DOCUMENTATION_COMMENTS = YES;
				CLANG_WARN_EMPTY_BODY = YES;
				CLANG_WARN_ENUM_CONVERSION = YES;
				CLANG_WARN_INFINITE_RECURSION = YES;
				CLANG_WARN_INT_CONVERSION = YES;
				CLANG_WARN_NON_LITERAL_NULL_CONVERSION = YES;
				CLANG_WARN_OBJC_IMPLICIT_RETAIN_SELF = YES;
				CLANG_WARN_OBJC_LITERAL_CONVERSION = YES;
				CLANG_WARN_OBJC_ROOT_CLASS = YES_ERROR;
				CLANG_WARN_RANGE_LOOP_ANALYSIS = YES;
				CLANG_WARN_STRICT_PROTOTYPES = YES;
				CLANG_WARN_SUSPICIOUS_MOVE = YES;
				CLANG_WARN_UNGUARDED_AVAILABILITY = YES_AGGRESSIVE;
				CLANG_WARN_UNREACHABLE_CODE = YES;
				CLANG_WARN__DUPLICATE_METHOD_MATCH = YES;
				CODE_SIGN_IDENTITY = "iPhone Developer";
				COPY_PHASE_STRIP = NO;
				DEBUG_INFORMATION_FORMAT = dwarf;
				ENABLE_STRICT_OBJC_MSGSEND = YES;
				ENABLE_TESTABILITY = YES;
				GCC_C_LANGUAGE_STANDARD = gnu11;
				GCC_DYNAMIC_NO_PIC = NO;
				GCC_NO_COMMON_BLOCKS = YES;
				GCC_OPTIMIZATION_LEVEL = 0;
				GCC_PREPROCESSOR_DEFINITIONS = (
					"DEBUG=1",
					"$(inherited)",
				);
				GCC_WARN_64_TO_32_BIT_CONVERSION = YES;
				GCC_WARN_ABOUT_RETURN_TYPE = YES_ERROR;
				GCC_WARN_UNDECLARED_SELECTOR = YES;
				GCC_WARN_UNINITIALIZED_AUTOS = YES_AGGRESSIVE;
				GCC_WARN_UNUSED_FUNCTION = YES;
				GCC_WARN_UNUSED_VARIABLE = YES;
				IPHONEOS_DEPLOYMENT_TARGET = 12.4;
				MTL_ENABLE_DEBUG_INFO = INCLUDE_SOURCE;
				MTL_FAST_MATH = YES;
				ONLY_ACTIVE_ARCH = YES;
				SDKROOT = iphoneos;
				SWIFT_ACTIVE_COMPILATION_CONDITIONS = DEBUG;
				SWIFT_OPTIMIZATION_LEVEL = "-Onone";
			};
			name = Debug;
		};
		04FC83C72326B42E00660B90 /* Release */ = {
			isa = XCBuildConfiguration;
			buildSettings = {
				ALWAYS_SEARCH_USER_PATHS = NO;
				CLANG_ANALYZER_NONNULL = YES;
				CLANG_ANALYZER_NUMBER_OBJECT_CONVERSION = YES_AGGRESSIVE;
				CLANG_CXX_LANGUAGE_STANDARD = "gnu++14";
				CLANG_CXX_LIBRARY = "libc++";
				CLANG_ENABLE_MODULES = YES;
				CLANG_ENABLE_OBJC_ARC = YES;
				CLANG_ENABLE_OBJC_WEAK = YES;
				CLANG_WARN_BLOCK_CAPTURE_AUTORELEASING = YES;
				CLANG_WARN_BOOL_CONVERSION = YES;
				CLANG_WARN_COMMA = YES;
				CLANG_WARN_CONSTANT_CONVERSION = YES;
				CLANG_WARN_DEPRECATED_OBJC_IMPLEMENTATIONS = YES;
				CLANG_WARN_DIRECT_OBJC_ISA_USAGE = YES_ERROR;
				CLANG_WARN_DOCUMENTATION_COMMENTS = YES;
				CLANG_WARN_EMPTY_BODY = YES;
				CLANG_WARN_ENUM_CONVERSION = YES;
				CLANG_WARN_INFINITE_RECURSION = YES;
				CLANG_WARN_INT_CONVERSION = YES;
				CLANG_WARN_NON_LITERAL_NULL_CONVERSION = YES;
				CLANG_WARN_OBJC_IMPLICIT_RETAIN_SELF = YES;
				CLANG_WARN_OBJC_LITERAL_CONVERSION = YES;
				CLANG_WARN_OBJC_ROOT_CLASS = YES_ERROR;
				CLANG_WARN_RANGE_LOOP_ANALYSIS = YES;
				CLANG_WARN_STRICT_PROTOTYPES = YES;
				CLANG_WARN_SUSPICIOUS_MOVE = YES;
				CLANG_WARN_UNGUARDED_AVAILABILITY = YES_AGGRESSIVE;
				CLANG_WARN_UNREACHABLE_CODE = YES;
				CLANG_WARN__DUPLICATE_METHOD_MATCH = YES;
				CODE_SIGN_IDENTITY = "iPhone Developer";
				COPY_PHASE_STRIP = NO;
				DEBUG_INFORMATION_FORMAT = "dwarf-with-dsym";
				ENABLE_NS_ASSERTIONS = NO;
				ENABLE_STRICT_OBJC_MSGSEND = YES;
				GCC_C_LANGUAGE_STANDARD = gnu11;
				GCC_NO_COMMON_BLOCKS = YES;
				GCC_WARN_64_TO_32_BIT_CONVERSION = YES;
				GCC_WARN_ABOUT_RETURN_TYPE = YES_ERROR;
				GCC_WARN_UNDECLARED_SELECTOR = YES;
				GCC_WARN_UNINITIALIZED_AUTOS = YES_AGGRESSIVE;
				GCC_WARN_UNUSED_FUNCTION = YES;
				GCC_WARN_UNUSED_VARIABLE = YES;
				IPHONEOS_DEPLOYMENT_TARGET = 12.4;
				MTL_ENABLE_DEBUG_INFO = NO;
				MTL_FAST_MATH = YES;
				SDKROOT = iphoneos;
				SWIFT_COMPILATION_MODE = wholemodule;
				SWIFT_OPTIMIZATION_LEVEL = "-O";
				VALIDATE_PRODUCT = YES;
			};
			name = Release;
		};
		04FC83C92326B42E00660B90 /* Debug */ = {
			isa = XCBuildConfiguration;
			buildSettings = {
				ASSETCATALOG_COMPILER_APPICON_NAME = AppIcon;
				CODE_SIGN_STYLE = Automatic;
				DEVELOPMENT_TEAM = FM3SAVJ89A;
				INFOPLIST_FILE = HotelCornerstone/Info.plist;
				LD_RUNPATH_SEARCH_PATHS = (
					"$(inherited)",
					"@executable_path/Frameworks",
				);
				PRODUCT_BUNDLE_IDENTIFIER = com.kei95.HotelCornerstone;
				PRODUCT_NAME = "$(TARGET_NAME)";
				SWIFT_VERSION = 5.0;
				TARGETED_DEVICE_FAMILY = "1,2";
			};
			name = Debug;
		};
		04FC83CA2326B42E00660B90 /* Release */ = {
			isa = XCBuildConfiguration;
			buildSettings = {
				ASSETCATALOG_COMPILER_APPICON_NAME = AppIcon;
				CODE_SIGN_STYLE = Automatic;
				DEVELOPMENT_TEAM = FM3SAVJ89A;
				INFOPLIST_FILE = HotelCornerstone/Info.plist;
				LD_RUNPATH_SEARCH_PATHS = (
					"$(inherited)",
					"@executable_path/Frameworks",
				);
				PRODUCT_BUNDLE_IDENTIFIER = com.kei95.HotelCornerstone;
				PRODUCT_NAME = "$(TARGET_NAME)";
				SWIFT_VERSION = 5.0;
				TARGETED_DEVICE_FAMILY = "1,2";
			};
			name = Release;
		};
/* End XCBuildConfiguration section */

/* Begin XCConfigurationList section */
		04FC83B12326B42800660B90 /* Build configuration list for PBXProject "HotelCornerstone" */ = {
			isa = XCConfigurationList;
			buildConfigurations = (
				04FC83C62326B42E00660B90 /* Debug */,
				04FC83C72326B42E00660B90 /* Release */,
			);
			defaultConfigurationIsVisible = 0;
			defaultConfigurationName = Release;
		};
		04FC83C82326B42E00660B90 /* Build configuration list for PBXNativeTarget "HotelCornerstone" */ = {
			isa = XCConfigurationList;
			buildConfigurations = (
				04FC83C92326B42E00660B90 /* Debug */,
				04FC83CA2326B42E00660B90 /* Release */,
			);
			defaultConfigurationIsVisible = 0;
			defaultConfigurationName = Release;
		};
/* End XCConfigurationList section */
	};
	rootObject = 04FC83AE2326B42800660B90 /* Project object */;
}
